<Solution>
  <Configurations>
    <Platform Name="x64" />
    <Platform Name="x86" />
  </Configurations>
  <Project Path="../Question_13_FactNumOf5/Question_13_FactNumOf5.vcxproj" Id="d16648eb-12f8-499c-8800-a3a82598f150" />
  <Project Path="../Question_14_StrangeNumber/Question_14_StrangeNumber.vcxproj" Id="7e97b162-91c5-4c75-bd73-4259295dd864" />
  <Project Path="../Question_15_ABCNumber/Question_15_ABCNumber.vcxproj" Id="da7f29bd-c585-4757-90eb-cf9154790ebd" />
  <Project Path="../Question_16_StrangeRatio/Question_16_StrangeRatio.vcxproj" Id="5f995671-85f2-41a0-92c6-9747ae0eec2d" />
  <Project Path="../Question_17_TheMultipleOfT-N/Question_17_TheMultipleOfT-N.vcxproj" Id="78e13909-baf2-4178-8bb4-86d0fffdc15e" />
  <Project Path="../Question_18_Triangle/Question_18_Triangle.vcxproj" Id="45ab2cd0-472a-4373-ae44-a010c5292482" />
  <Project Path="../Question_19_DigitStringHandling/Question_19_DigitStringHandling.vcxproj" Id="81e4e2e6-6493-4bdb-8ac7-16b6251bec5d" />
  <Project Path="../Question_20_FormulaSolution/Question_20_FormulaSolution.vcxproj" Id="f31fc562-6ed0-4d84-9778-77a7ba168a53" />
  <Project Path="../Question_21_Accumulative/Question_21_Accumulative.vcxproj" Id="df711d24-65c9-4eae-a465-7819d00f28d1" />
  <Project Path="../Question_22_JosephCircle2/Question_22_JosephCircle2.vcxproj" Id="0c189efe-e3eb-4d55-8189-f698e8dd241f" />
  <Project Path="../Question_23_RemainderOfDivision/Question_23_RemainderOfDivision.vcxproj" Id="5b26bd0b-359f-4913-9b8d-38c6aa620cda" />
  <Project Path="../Question_24_ParlindromicPrime/Question_24_ParlindromicPrime.vcxproj" Id="ae3ad80a-95ad-4c70-9aa1-7d1f21d9230a" />
  <Project Path="../Question_24_ParlindromicPrime_Faster/Question_24_ParlindromicPrime_Faster.vcxproj" Id="760a1246-024e-4c90-b0fb-452e915ea740" />
  <Project Path="../Question_25_ExchangeBottle/Question_25_ExchangeBottle.vcxproj" Id="f3733de7-8ebe-40c0-8fd0-bcba673b750f" />
  <Project Path="../Question_26_LastNonZeroInFactorial/Question_26_LastNonZeroInFactorial.vcxproj" Id="a0204000-bc31-4e75-8b2a-e25abad20cbf" />
  <Project Path="../Question_27_CalculateVegetablePrice/Question_27_CalculateVegetablePrice.vcxproj" Id="525b6825-d1d6-4cff-b3d1-306bed79de99" />
  <Project Path="../Question_28_FruitPrice/Question_28_FruitPrice.vcxproj" Id="b8f98463-fc81-4a5f-9a69-40834a86eb09" />
  <Project Path="../Question_29_CalculateOddsProduct/Question_29_CalculateOddsProduct.vcxproj" Id="b38d0dab-0abe-4f09-b22d-ef6dd72d4c0b" />
  <Project Path="../Question_30_CalEarliestAndLatestDate/Question_30_CalEarliestAndLatestDate.vcxproj" Id="658c2fd3-c8c9-41aa-8a1e-3a1a383c850b" />
  <Project Path="../Question_31_IsPrimeNumber/Question_31_IsPrimeNumber.vcxproj" Id="d7ccd64b-e0a5-41fd-a0d6-f65f013a731f" />
  <Project Path="../Question_32_Calculate_e/Question_32_Calculate_e.vcxproj" Id="f2aebe69-4b58-4e32-93d7-b524e4ea1f6e" />
  <Project Path="../Question_33_SumOfNum/Question_33_SumOfNum.vcxproj" Id="10089e0a-b069-4e8e-9fce-650ac42f00df" />
  <Project Path="../Question_34_ReproductionIssues/Question_34_ReproductionIssues.vcxproj" Id="29abcf4b-4282-48f4-aa9c-e487633ebe31" />
  <Project Path="../Question_35_AmazingDigits/Question_35_AmazingDigits.vcxproj" Id="19b7a2d3-af14-42f2-ba68-94bd49233329" />
  <Project Path="../Question_36_TailDigitOfFullDivision/Question_36_TailDigitOfFullDivision.vcxproj" Id="de1829be-c6c1-4d7e-9fde-d1334133a643" />
  <Project Path="../Question_37_BlackFriday/Question_37_BlackFriday.vcxproj" Id="8b600284-f608-46d3-acb3-9ca39eee6df2" />
  <Project Path="../Question_38_CalculateRestTrees/Question_38_CalculateRestTrees.vcxproj" Id="06a74adc-816d-4454-b0a2-d08eff1a86ef" />
  <Project Path="../Question_39_MinAndMax/Question_39_MinAndMax.vcxproj" Id="b76adb43-89a5-49bb-9efe-ec299112fc9d" />
  <Project Path="../Question_40_CircleGame/Question_40_CircleGame.vcxproj" Id="62a806b8-41b0-4402-a5c2-34e9b6e1037c" />
  <Project Path="../Question_41_CircleGame_Real/Question_41_CircleGame_Real.vcxproj" Id="b30b6951-3f35-47b9-a4df-41f5b9066a8d" />
  <Project Path="../Question_42_CalculateArrayEachDigit/Question_42_CalculateArrayEachDigit.vcxproj" Id="ef0ba7ba-fece-4c44-a19b-2bf6df2a5b95" />
  <Project Path="../Question_43_HighestFrequency/Question_43_HighestFrequency.vcxproj" Id="208bbb00-f118-43bd-8845-37676db2cd5f" />
  <Project Path="../Question_44_CalculateBoatsDistance/Question_44_CalculateBoatsDistance.vcxproj" Id="b2fc7081-984b-4903-9aa2-41bad3336877" />
  <Project Path="../Question_45_CalculatePalindromic/Question_45_CalculatePalindromic.vcxproj" Id="f1ac02e3-8484-48a6-a3bf-5430a744bb5e" />
  <Project Path="../Question_46_SpecialFourDigits/Question_46_SpecialFourDigits.vcxproj" Id="ac39aa6a-05f2-4189-ba9f-29329d80743e" />
  <Project Path="../Question_47_FindMaximumValue/Question_47_FindMaximumValue.vcxproj" Id="7f88667e-e44d-4ea9-8c13-031c37931221" />
  <Project Path="../Question_48_ArrayOne/Question_48_ArrayOne.vcxproj" Id="f62d30f7-ef01-4ded-8825-0c8ef51f842c" />
  <Project Path="../Question_49_FixCattleShed/Question_49_FixCattleShed.vcxproj" Id="4a6f18b5-fb7c-4904-864d-b3bc0492ac2d" />
  <Project Path="../Question_50_OutputSpecificSerial/Question_50_OutputSpecificSerial.vcxproj" Id="db46a166-5823-4982-a146-0d1a07f73544" />
  <Project Path="../Question_51_TribalMultipleMethod/Question_51_TribalMultipleMethod.vcxproj" Id="0b988fa6-b74c-4f21-9ab2-c51bc3ebcbee" />
  <Project Path="../Question_52_LoadBallsToBoxs/Question_52_LoadBallsToBoxs.vcxproj" Id="5682aa16-348e-49e2-9bf8-92753a5832d2" />
  <Project Path="../Question_53_DoublePalindromicNumber/Question_53_DoublePalindromicNumber.vcxproj" Id="b67fb3dc-73fb-4aef-a675-834de1199416" />
  <Project Path="../Question_54_ArithmeticArray/Question_54_ArithmeticArray.vcxproj" Id="a04df714-890e-454a-bb6f-1bd0841c4ae1" />
  <Project Path="../Question_55_WeAllLoveA-B/Question_55_WeAllLoveA-B.vcxproj" Id="a02840d0-4c7d-428e-bbec-f43f6dd25eb5" />
  <Project Path="../Question_56_MissleDefeatSystem/Question_56_MissleDefeatSystem.vcxproj" Id="711b4ea2-0236-41d3-a62e-79a425188d01" />
  <Project Path="../TempTestCodes/TempTestCodes.vcxproj" Id="ab2f9321-889f-44d3-b64d-39280c583e2a" />
  <Project Path="Question_10_TimePlus.vcxproj" Id="47af9aab-0c36-40fa-8e29-e9775708ec2c" />
</Solution>
